{
  "name": "@lexical/yjs",
  "version": "0.5.1-next.1",
  "lockfileVersion": 1,
  "requires": true,
  "dependencies": {
    "@lexical/offset": {
      "version": "0.5.1-next.1",
      "resolved": "https://registry.npmjs.org/@lexical/offset/-/offset-0.5.1-next.1.tgz",
      "integrity": "sha512-xk/70Hts6ktlq13gpE9iaLKafLUejzf9MarGu01qNWYMpScogV1zWyvA01j54RJd3LXLlJ4bIHpIuKs2brsrUw=="
    },
    "isomorphic.js": {
      "version": "0.2.5",
      "resolved": "https://registry.npmjs.org/isomorphic.js/-/isomorphic.js-0.2.5.tgz",
      "integrity": "sha512-PIeMbHqMt4DnUP3MA/Flc0HElYjMXArsw1qwJZcm9sqR8mq3l8NYizFMty0pWwE/tzIGH3EKK5+jes5mAr85yw=="
    },
    "lib0": {
      "version": "0.2.52",
      "resolved": "https://registry.npmjs.org/lib0/-/lib0-0.2.52.tgz",
      "integrity": "sha512-CjxlM7UgICfN6b2OPALBXchIBiNk6jE+1g7JP8ha+dh1xKRDSYpH0WQl1+rMqCju49xUnwPG34v4CR5/rPOZhg==",
      "requires": {
        "isomorphic.js": "^0.2.4"
      }
    },
    "yjs": {
      "version": "13.5.42",
      "resolved": "https://registry.npmjs.org/yjs/-/yjs-13.5.42.tgz",
      "integrity": "sha512-3aYBPeUSBUCs/vCOYolbyzhsQ6IDm1DeJgfhHVbW+6kq8YhWjkk2SUhYtBxd3lZPNsqmJGzYH9shKINhSVbEzw==",
      "requires": {
        "lib0": "^0.2.49"
      }
    }
  }
}
